// !$*UTF8*$!
{
	archiveVersion = 1;
	classes = {
	};
	objectVersion = 77;
	objects = {

/* Begin PBXBuildFile section */
		0189A7E02097BFA2C6A1CB73 /* MainTabView.swift in Sources */ = {isa = PBXBuildFile; fileRef = 531FC33F8C4C7B8640D004C8 /* MainTabView.swift */; };
		05843D3C81B60F03FA22D650 /* XMChannel.swift in Sources */ = {isa = PBXBuildFile; fileRef = 1B76A55FF54307BAB3A5521F /* XMChannel.swift */; };
		0C08CD28C5D05825422E160D /* XMWatchWidgetExtension.appex in Embed Foundation Extensions */ = {isa = PBXBuildFile; fileRef = D698DB21997881934D377E8C /* XMWatchWidgetExtension.appex */; settings = {ATTRIBUTES = (RemoveHeadersOnCopy, ); }; };
		159B9DCB2E061B0373093CF5 /* XMChannel.swift in Sources */ = {isa = PBXBuildFile; fileRef = CED07E8525AD8BA2E3E33C6D /* XMChannel.swift */; };
		1791C59534EF0094F12E96F0 /* AVPlayerController.swift in Sources */ = {isa = PBXBuildFile; fileRef = 0841CECD306BBD3D62A113F0 /* AVPlayerController.swift */; };
		1FCA421824C931733E9E6BDB /* PlayerView.swift in Sources */ = {isa = PBXBuildFile; fileRef = CE6F82409F5398B70BB452B3 /* PlayerView.swift */; };
		2F9AEA8034131344A43EC21C /* WatchAVPlayerController.swift in Sources */ = {isa = PBXBuildFile; fileRef = 2CAC4DBF532898BB52AACB72 /* WatchAVPlayerController.swift */; };
		3191F956649A85102DEB8812 /* PlayerProperty.swift in Sources */ = {isa = PBXBuildFile; fileRef = E47B96F495FE339AE995AFDB /* PlayerProperty.swift */; };
		36521C8E4989F27A19AB48B4 /* XMWatchApp.swift in Sources */ = {isa = PBXBuildFile; fileRef = 46DE8391F13202883C600772 /* XMWatchApp.swift */; };
		3B69999FEB40343F98121CD5 /* PlayerTrack.swift in Sources */ = {isa = PBXBuildFile; fileRef = 8E209FE1CE16C99896EDDEF5 /* PlayerTrack.swift */; };
		4452469DFA433DD4BE689709 /* XMWatch-watchOS.app in Embed Watch Content */ = {isa = PBXBuildFile; fileRef = 07BD8E34928FA716F0580DCE /* XMWatch-watchOS.app */; settings = {ATTRIBUTES = (RemoveHeadersOnCopy, ); }; };
		46486D7F9946204A44C52834 /* StarPlayrRadioKit in Frameworks */ = {isa = PBXBuildFile; productRef = FCF41B1A3E9E2084C687F5E5 /* StarPlayrRadioKit */; };
		4DB69B19193F544822120D2D /* XMWatchAppIntents.swift in Sources */ = {isa = PBXBuildFile; fileRef = BB700136DBD3131A25FAB4E2 /* XMWatchAppIntents.swift */; };
		55D40EC07387BB242B8B2B9F /* Assets.xcassets in Resources */ = {isa = PBXBuildFile; fileRef = F5F3BD33EC2E4E20E8DFFA9F /* Assets.xcassets */; };
		6DD68EFAA72DFF64A37DFFCF /* StarPlayrRadioKit in Frameworks */ = {isa = PBXBuildFile; productRef = 89410FD67E92CB93ADA4B94A /* StarPlayrRadioKit */; };
		7026EDD53070A53FD0B15DD3 /* XMFavoritesView.swift in Sources */ = {isa = PBXBuildFile; fileRef = 0FFD4CA2DF35F4AB5DDF82AD /* XMFavoritesView.swift */; };
		73B16661C0002440247B1C14 /* XMContentView.swift in Sources */ = {isa = PBXBuildFile; fileRef = 02E59367288C9955CE1F5EE0 /* XMContentView.swift */; };
		73B495D9453BD754841D4FCF /* XMWatchWidget.swift in Sources */ = {isa = PBXBuildFile; fileRef = C318CE3BE1905E41D0A1F2DE /* XMWatchWidget.swift */; };
		761ECFE0CEECF085C30ACDA6 /* SignInView.swift in Sources */ = {isa = PBXBuildFile; fileRef = 46E8425F0689FE3B87D56EA5 /* SignInView.swift */; };
		8281E6BC9F31795D6FD310B4 /* WatchNowPlayingManager.swift in Sources */ = {isa = PBXBuildFile; fileRef = 9CE882A68ADE4E59F23561F4 /* WatchNowPlayingManager.swift */; };
		8726818B9A4E8EEA1094963F /* Assets.xcassets in Resources */ = {isa = PBXBuildFile; fileRef = C2201BED22D3B7B9E6E28731 /* Assets.xcassets */; };
		8E211307B8BC6DA12722950A /* PlayerTrack.swift in Sources */ = {isa = PBXBuildFile; fileRef = 588E06CAEB341B714AB07B6B /* PlayerTrack.swift */; };
		9505E35CB199210FD1E113B8 /* ContentView.swift in Sources */ = {isa = PBXBuildFile; fileRef = 3372D6160BB916AD20710233 /* ContentView.swift */; };
		97A3187A87FED8657CA5B88C /* PlayerCoordinating.swift in Sources */ = {isa = PBXBuildFile; fileRef = B617EF3CB4DDD6ED899B99B6 /* PlayerCoordinating.swift */; };
		981F4560E4B6E38296208240 /* XMRadioService.swift in Sources */ = {isa = PBXBuildFile; fileRef = AA58202CE3EC6C4C4DCFF152 /* XMRadioService.swift */; };
		A23E7599F56004B93D2FD49D /* XMChannelsView.swift in Sources */ = {isa = PBXBuildFile; fileRef = 6BFCCDE12EB7D501279B48DC /* XMChannelsView.swift */; };
		A612D7DC3F90D632794C3BFB /* PlayerOptions.swift in Sources */ = {isa = PBXBuildFile; fileRef = D57D165F06870887641F82D6 /* PlayerOptions.swift */; };
		A784121654851647D1B188EF /* XMTabView.swift in Sources */ = {isa = PBXBuildFile; fileRef = B9AE19B94BEA5CBA860301E9 /* XMTabView.swift */; };
		A79C7DD826CB72F70069661A /* PlayerOptions.swift in Sources */ = {isa = PBXBuildFile; fileRef = 82FEA032405FD192C3CF7C69 /* PlayerOptions.swift */; };
		A96C79DC8253702B2F947A36 /* NowPlayingManager.swift in Sources */ = {isa = PBXBuildFile; fileRef = EA419ED4F33E5DFBB927E655 /* NowPlayingManager.swift */; };
		AD28B74F5B36A40137F45BCD /* PlayerProperty.swift in Sources */ = {isa = PBXBuildFile; fileRef = EF2EBEB62BEB0B9077236B31 /* PlayerProperty.swift */; };
		AD9C6E50854C417F9666F234 /* FavoritesView.swift in Sources */ = {isa = PBXBuildFile; fileRef = F674904C009DE993D63BCD9B /* FavoritesView.swift */; };
		B236262088F69AC254BD865F /* XMHLSProxyServer.swift in Sources */ = {isa = PBXBuildFile; fileRef = CF60143A346AB00FD432786F /* XMHLSProxyServer.swift */; };
		B9397062C120AB2B788FF058 /* PlayerCoordinating.swift in Sources */ = {isa = PBXBuildFile; fileRef = 6DF1CAD82D9D7694C52C7E3B /* PlayerCoordinating.swift */; };
		BC3F5A1114B237110A9A86BC /* XMSettingsView.swift in Sources */ = {isa = PBXBuildFile; fileRef = 4B42ECB72B27EB155F0F40B4 /* XMSettingsView.swift */; };
		BFCCBD41EA079B236459186E /* XMSignInView.swift in Sources */ = {isa = PBXBuildFile; fileRef = BED04736030E2CAD801EFEC2 /* XMSignInView.swift */; };
		CE59E2372DAFBDD4E51C82FC /* XMPlayerView.swift in Sources */ = {isa = PBXBuildFile; fileRef = B686D59DC876C7941F6ACCD8 /* XMPlayerView.swift */; };
		D968CA71820A0E7AA6F0EFCD /* ChannelsView.swift in Sources */ = {isa = PBXBuildFile; fileRef = 79096C73FD534A245819E72C /* ChannelsView.swift */; };
		DB6925EADB587EAD1103C3A7 /* SettingsView.swift in Sources */ = {isa = PBXBuildFile; fileRef = B4B5C460025B0B02A2D0CE1C /* SettingsView.swift */; };
		DE142BB36E2F9690F7DFB1A7 /* XMWatchApp.swift in Sources */ = {isa = PBXBuildFile; fileRef = A838E638336C2C6DF3E82D48 /* XMWatchApp.swift */; };
		DEF48DE03940488C745DA7F6 /* Assets.xcassets in Resources */ = {isa = PBXBuildFile; fileRef = 1917776153125FB22BC88377 /* Assets.xcassets */; };
		E5CB9ABAAF58CF614CAD8032 /* XMRadioService.swift in Sources */ = {isa = PBXBuildFile; fileRef = A12E41F91D898D83592C7CA3 /* XMRadioService.swift */; };
		EBC751E90081CF91347AF46F /* XMWatchAppIntents.swift in Sources */ = {isa = PBXBuildFile; fileRef = BB700136DBD3131A25FAB4E2 /* XMWatchAppIntents.swift */; };
		FFDA6F538F31D4C395DF64E0 /* XMHLSProxyServer.swift in Sources */ = {isa = PBXBuildFile; fileRef = 85BA9D9B65B44E700E6A98D4 /* XMHLSProxyServer.swift */; };
/* End PBXBuildFile section */

/* Begin PBXContainerItemProxy section */
		B22E1AEC9009B7F2EB8659EA /* PBXContainerItemProxy */ = {
			isa = PBXContainerItemProxy;
			containerPortal = E555A98F36B12168AB54F00C /* Project object */;
			proxyType = 1;
			remoteGlobalIDString = 0BC34AC7B7E7857E99EAC716;
			remoteInfo = XMWatchWidgetExtension;
		};
		EA831B0C323346EBB447567D /* PBXContainerItemProxy */ = {
			isa = PBXContainerItemProxy;
			containerPortal = E555A98F36B12168AB54F00C /* Project object */;
			proxyType = 1;
			remoteGlobalIDString = FEA2B1E9F745E15B5BDB16D0;
			remoteInfo = "XMWatch-watchOS";
		};
/* End PBXContainerItemProxy section */

/* Begin PBXCopyFilesBuildPhase section */
		D2E86532CA2AF990E26EE8BC /* Embed Watch Content */ = {
			isa = PBXCopyFilesBuildPhase;
			buildActionMask = 2147483647;
			dstPath = "$(CONTENTS_FOLDER_PATH)/Watch";
			dstSubfolderSpec = 16;
			files = (
				4452469DFA433DD4BE689709 /* XMWatch-watchOS.app in Embed Watch Content */,
			);
			name = "Embed Watch Content";
			runOnlyForDeploymentPostprocessing = 0;
		};
		D8094A58EC153926A19895D0 /* Embed Foundation Extensions */ = {
			isa = PBXCopyFilesBuildPhase;
			buildActionMask = 2147483647;
			dstPath = "";
			dstSubfolderSpec = 13;
			files = (
				0C08CD28C5D05825422E160D /* XMWatchWidgetExtension.appex in Embed Foundation Extensions */,
			);
			name = "Embed Foundation Extensions";
			runOnlyForDeploymentPostprocessing = 0;
		};
/* End PBXCopyFilesBuildPhase section */

/* Begin PBXFileReference section */
		02E59367288C9955CE1F5EE0 /* XMContentView.swift */ = {isa = PBXFileReference; lastKnownFileType = sourcecode.swift; path = XMContentView.swift; sourceTree = "<group>"; };
		07BD8E34928FA716F0580DCE /* XMWatch-watchOS.app */ = {isa = PBXFileReference; explicitFileType = wrapper.application; includeInIndex = 0; path = "XMWatch-watchOS.app"; sourceTree = BUILT_PRODUCTS_DIR; };
		0841CECD306BBD3D62A113F0 /* AVPlayerController.swift */ = {isa = PBXFileReference; lastKnownFileType = sourcecode.swift; path = AVPlayerController.swift; sourceTree = "<group>"; };
		0FFD4CA2DF35F4AB5DDF82AD /* XMFavoritesView.swift */ = {isa = PBXFileReference; lastKnownFileType = sourcecode.swift; path = XMFavoritesView.swift; sourceTree = "<group>"; };
		1917776153125FB22BC88377 /* Assets.xcassets */ = {isa = PBXFileReference; lastKnownFileType = folder.assetcatalog; path = Assets.xcassets; sourceTree = "<group>"; };
		1B76A55FF54307BAB3A5521F /* XMChannel.swift */ = {isa = PBXFileReference; lastKnownFileType = sourcecode.swift; path = XMChannel.swift; sourceTree = "<group>"; };
		2CAC4DBF532898BB52AACB72 /* WatchAVPlayerController.swift */ = {isa = PBXFileReference; lastKnownFileType = sourcecode.swift; path = WatchAVPlayerController.swift; sourceTree = "<group>"; };
		3372D6160BB916AD20710233 /* ContentView.swift */ = {isa = PBXFileReference; lastKnownFileType = sourcecode.swift; path = ContentView.swift; sourceTree = "<group>"; };
		46DE8391F13202883C600772 /* XMWatchApp.swift */ = {isa = PBXFileReference; lastKnownFileType = sourcecode.swift; path = XMWatchApp.swift; sourceTree = "<group>"; };
		46E8425F0689FE3B87D56EA5 /* SignInView.swift */ = {isa = PBXFileReference; lastKnownFileType = sourcecode.swift; path = SignInView.swift; sourceTree = "<group>"; };
		4B42ECB72B27EB155F0F40B4 /* XMSettingsView.swift */ = {isa = PBXFileReference; lastKnownFileType = sourcecode.swift; path = XMSettingsView.swift; sourceTree = "<group>"; };
		531FC33F8C4C7B8640D004C8 /* MainTabView.swift */ = {isa = PBXFileReference; lastKnownFileType = sourcecode.swift; path = MainTabView.swift; sourceTree = "<group>"; };
		588E06CAEB341B714AB07B6B /* PlayerTrack.swift */ = {isa = PBXFileReference; lastKnownFileType = sourcecode.swift; path = PlayerTrack.swift; sourceTree = "<group>"; };
		6BFCCDE12EB7D501279B48DC /* XMChannelsView.swift */ = {isa = PBXFileReference; lastKnownFileType = sourcecode.swift; path = XMChannelsView.swift; sourceTree = "<group>"; };
		6DF1CAD82D9D7694C52C7E3B /* PlayerCoordinating.swift */ = {isa = PBXFileReference; lastKnownFileType = sourcecode.swift; path = PlayerCoordinating.swift; sourceTree = "<group>"; };
		79096C73FD534A245819E72C /* ChannelsView.swift */ = {isa = PBXFileReference; lastKnownFileType = sourcecode.swift; path = ChannelsView.swift; sourceTree = "<group>"; };
		82FEA032405FD192C3CF7C69 /* PlayerOptions.swift */ = {isa = PBXFileReference; lastKnownFileType = sourcecode.swift; path = PlayerOptions.swift; sourceTree = "<group>"; };
		85BA9D9B65B44E700E6A98D4 /* XMHLSProxyServer.swift */ = {isa = PBXFileReference; lastKnownFileType = sourcecode.swift; path = XMHLSProxyServer.swift; sourceTree = "<group>"; };
		8DE48114602521A9EC77DBE5 /* StarPlayrRadioKit */ = {isa = PBXFileReference; lastKnownFileType = folder; name = StarPlayrRadioKit; path = ../StarPlayrRadioKit; sourceTree = SOURCE_ROOT; };
		8E209FE1CE16C99896EDDEF5 /* PlayerTrack.swift */ = {isa = PBXFileReference; lastKnownFileType = sourcecode.swift; path = PlayerTrack.swift; sourceTree = "<group>"; };
		9C90CFF1E8A0A8BDCF7E6210 /* XMWatch-iOS.entitlements */ = {isa = PBXFileReference; lastKnownFileType = text.plist.entitlements; path = "XMWatch-iOS.entitlements"; sourceTree = "<group>"; };
		9CE882A68ADE4E59F23561F4 /* WatchNowPlayingManager.swift */ = {isa = PBXFileReference; lastKnownFileType = sourcecode.swift; path = WatchNowPlayingManager.swift; sourceTree = "<group>"; };
		A12E41F91D898D83592C7CA3 /* XMRadioService.swift */ = {isa = PBXFileReference; lastKnownFileType = sourcecode.swift; path = XMRadioService.swift; sourceTree = "<group>"; };
		A838E638336C2C6DF3E82D48 /* XMWatchApp.swift */ = {isa = PBXFileReference; lastKnownFileType = sourcecode.swift; path = XMWatchApp.swift; sourceTree = "<group>"; };
		AA58202CE3EC6C4C4DCFF152 /* XMRadioService.swift */ = {isa = PBXFileReference; lastKnownFileType = sourcecode.swift; path = XMRadioService.swift; sourceTree = "<group>"; };
		B4B5C460025B0B02A2D0CE1C /* SettingsView.swift */ = {isa = PBXFileReference; lastKnownFileType = sourcecode.swift; path = SettingsView.swift; sourceTree = "<group>"; };
		B617EF3CB4DDD6ED899B99B6 /* PlayerCoordinating.swift */ = {isa = PBXFileReference; lastKnownFileType = sourcecode.swift; path = PlayerCoordinating.swift; sourceTree = "<group>"; };
		B686D59DC876C7941F6ACCD8 /* XMPlayerView.swift */ = {isa = PBXFileReference; lastKnownFileType = sourcecode.swift; path = XMPlayerView.swift; sourceTree = "<group>"; };
		B9AE19B94BEA5CBA860301E9 /* XMTabView.swift */ = {isa = PBXFileReference; lastKnownFileType = sourcecode.swift; path = XMTabView.swift; sourceTree = "<group>"; };
		BB700136DBD3131A25FAB4E2 /* XMWatchAppIntents.swift */ = {isa = PBXFileReference; lastKnownFileType = sourcecode.swift; path = XMWatchAppIntents.swift; sourceTree = "<group>"; };
		BECEE1D96E730374B81518BA /* XMWatchWidget.entitlements */ = {isa = PBXFileReference; lastKnownFileType = text.plist.entitlements; path = XMWatchWidget.entitlements; sourceTree = "<group>"; };
		BED04736030E2CAD801EFEC2 /* XMSignInView.swift */ = {isa = PBXFileReference; lastKnownFileType = sourcecode.swift; path = XMSignInView.swift; sourceTree = "<group>"; };
		C2201BED22D3B7B9E6E28731 /* Assets.xcassets */ = {isa = PBXFileReference; lastKnownFileType = folder.assetcatalog; path = Assets.xcassets; sourceTree = "<group>"; };
		C318CE3BE1905E41D0A1F2DE /* XMWatchWidget.swift */ = {isa = PBXFileReference; lastKnownFileType = sourcecode.swift; path = XMWatchWidget.swift; sourceTree = "<group>"; };
		CE6F82409F5398B70BB452B3 /* PlayerView.swift */ = {isa = PBXFileReference; lastKnownFileType = sourcecode.swift; path = PlayerView.swift; sourceTree = "<group>"; };
		CED07E8525AD8BA2E3E33C6D /* XMChannel.swift */ = {isa = PBXFileReference; lastKnownFileType = sourcecode.swift; path = XMChannel.swift; sourceTree = "<group>"; };
		CF60143A346AB00FD432786F /* XMHLSProxyServer.swift */ = {isa = PBXFileReference; lastKnownFileType = sourcecode.swift; path = XMHLSProxyServer.swift; sourceTree = "<group>"; };
		D57D165F06870887641F82D6 /* PlayerOptions.swift */ = {isa = PBXFileReference; lastKnownFileType = sourcecode.swift; path = PlayerOptions.swift; sourceTree = "<group>"; };
		D698DB21997881934D377E8C /* XMWatchWidgetExtension.appex */ = {isa = PBXFileReference; explicitFileType = "wrapper.app-extension"; includeInIndex = 0; path = XMWatchWidgetExtension.appex; sourceTree = BUILT_PRODUCTS_DIR; };
		E47B96F495FE339AE995AFDB /* PlayerProperty.swift */ = {isa = PBXFileReference; lastKnownFileType = sourcecode.swift; path = PlayerProperty.swift; sourceTree = "<group>"; };
		EA419ED4F33E5DFBB927E655 /* NowPlayingManager.swift */ = {isa = PBXFileReference; lastKnownFileType = sourcecode.swift; path = NowPlayingManager.swift; sourceTree = "<group>"; };
		EED0C934105AAB382C3BD963 /* Info.plist */ = {isa = PBXFileReference; lastKnownFileType = text.plist; path = Info.plist; sourceTree = "<group>"; };
		EF2EBEB62BEB0B9077236B31 /* PlayerProperty.swift */ = {isa = PBXFileReference; lastKnownFileType = sourcecode.swift; path = PlayerProperty.swift; sourceTree = "<group>"; };
		F5F3BD33EC2E4E20E8DFFA9F /* Assets.xcassets */ = {isa = PBXFileReference; lastKnownFileType = folder.assetcatalog; path = Assets.xcassets; sourceTree = "<group>"; };
		F674904C009DE993D63BCD9B /* FavoritesView.swift */ = {isa = PBXFileReference; lastKnownFileType = sourcecode.swift; path = FavoritesView.swift; sourceTree = "<group>"; };
		FD4AD3527EB1F9A815CA587F /* XMWatch-iOS.app */ = {isa = PBXFileReference; includeInIndex = 0; lastKnownFileType = wrapper.application; path = "XMWatch-iOS.app"; sourceTree = BUILT_PRODUCTS_DIR; };
		FF4A633D254641D0BA73096D /* Info.plist */ = {isa = PBXFileReference; lastKnownFileType = text.plist; path = Info.plist; sourceTree = "<group>"; };
/* End PBXFileReference section */

/* Begin PBXFrameworksBuildPhase section */
		092304E219EA834BE587F864 /* Frameworks */ = {
			isa = PBXFrameworksBuildPhase;
			buildActionMask = 2147483647;
			files = (
				46486D7F9946204A44C52834 /* StarPlayrRadioKit in Frameworks */,
			);
			runOnlyForDeploymentPostprocessing = 0;
		};
		8CDA0AC3DE01E30E8F8CCB74 /* Frameworks */ = {
			isa = PBXFrameworksBuildPhase;
			buildActionMask = 2147483647;
			files = (
				6DD68EFAA72DFF64A37DFFCF /* StarPlayrRadioKit in Frameworks */,
			);
			runOnlyForDeploymentPostprocessing = 0;
		};
/* End PBXFrameworksBuildPhase section */

/* Begin PBXGroup section */
		06D4B6D2F65BD862FF53052B /* XMWatch-watchOS */ = {
			isa = PBXGroup;
			children = (
				C2201BED22D3B7B9E6E28731 /* Assets.xcassets */,
				46DE8391F13202883C600772 /* XMWatchApp.swift */,
			);
			name = "XMWatch-watchOS";
			path = "../XMWatch-watchOS";
			sourceTree = "<group>";
		};
		14B7457032389F17B039E3FC /* Channels */ = {
			isa = PBXGroup;
			children = (
				79096C73FD534A245819E72C /* ChannelsView.swift */,
			);
			path = Channels;
			sourceTree = "<group>";
		};
		17E2C2170047001E87FBAC00 /* Auth */ = {
			isa = PBXGroup;
			children = (
				46E8425F0689FE3B87D56EA5 /* SignInView.swift */,
			);
			path = Auth;
			sourceTree = "<group>";
		};
		1E2C7A9B14427193D938BC44 /* XMWatch-iOS */ = {
			isa = PBXGroup;
			children = (
				1917776153125FB22BC88377 /* Assets.xcassets */,
				FF4A633D254641D0BA73096D /* Info.plist */,
				9C90CFF1E8A0A8BDCF7E6210 /* XMWatch-iOS.entitlements */,
				A838E638336C2C6DF3E82D48 /* XMWatchApp.swift */,
				998051F0AD758C2DEC936192 /* Features */,
				66BAD0B106C1F174DDA27E85 /* Models */,
				B4A5A7BA0D93B300840F5810 /* Player */,
				715B5FA2B52FBB61645BB77A /* Services */,
			);
			name = "XMWatch-iOS";
			path = .;
			sourceTree = "<group>";
		};
		2F7DD1F1E7CB8FB950DF854C /* Player */ = {
			isa = PBXGroup;
			children = (
				B686D59DC876C7941F6ACCD8 /* XMPlayerView.swift */,
			);
			path = Player;
			sourceTree = "<group>";
		};
		49A824E1B9D1E73380A7570A /* Favorites */ = {
			isa = PBXGroup;
			children = (
				F674904C009DE993D63BCD9B /* FavoritesView.swift */,
			);
			path = Favorites;
			sourceTree = "<group>";
		};
		588843F13B954DBEA3DCD4A9 /* Services */ = {
			isa = PBXGroup;
			children = (
				85BA9D9B65B44E700E6A98D4 /* XMHLSProxyServer.swift */,
				AA58202CE3EC6C4C4DCFF152 /* XMRadioService.swift */,
			);
			name = Services;
			path = "../XMWatch-watchOS/Services";
			sourceTree = "<group>";
		};
		6053545E1F83EE5292FB5FD2 /* Favorites */ = {
			isa = PBXGroup;
			children = (
				0FFD4CA2DF35F4AB5DDF82AD /* XMFavoritesView.swift */,
			);
			path = Favorites;
			sourceTree = "<group>";
		};
		66BAD0B106C1F174DDA27E85 /* Models */ = {
			isa = PBXGroup;
			children = (
				1B76A55FF54307BAB3A5521F /* XMChannel.swift */,
			);
			path = Models;
			sourceTree = "<group>";
		};
		715B5FA2B52FBB61645BB77A /* Services */ = {
			isa = PBXGroup;
			children = (
				CF60143A346AB00FD432786F /* XMHLSProxyServer.swift */,
				A12E41F91D898D83592C7CA3 /* XMRadioService.swift */,
			);
			path = Services;
			sourceTree = "<group>";
		};
		8DC45B3FD945725BCACA8910 /* Features */ = {
			isa = PBXGroup;
			children = (
				02E59367288C9955CE1F5EE0 /* XMContentView.swift */,
				B9AE19B94BEA5CBA860301E9 /* XMTabView.swift */,
				AE989F10CABCE742CD4C359D /* Auth */,
				D2F2729AF7DC11C2E7C39DE9 /* Channels */,
				6053545E1F83EE5292FB5FD2 /* Favorites */,
				2F7DD1F1E7CB8FB950DF854C /* Player */,
				CA18EA1F0A3F157BCB8E47F6 /* Settings */,
			);
			name = Features;
			path = "../XMWatch-watchOS/Features";
			sourceTree = "<group>";
		};
		926E0BDD34616D41AFA14119 = {
			isa = PBXGroup;
			children = (
				998051F0AD758C2DEC936192 /* Features */,
				8DC45B3FD945725BCACA8910 /* Features */,
				C91E2BB83441CB7185CDD08C /* Intents */,
				66BAD0B106C1F174DDA27E85 /* Models */,
				E6982EB0AF39CDAB3D165286 /* Models */,
				9DDDA2FDECDD1BCD9F46DC63 /* Packages */,
				B4A5A7BA0D93B300840F5810 /* Player */,
				D39EA6DE8627BFFF3EA97300 /* Player */,
				715B5FA2B52FBB61645BB77A /* Services */,
				588843F13B954DBEA3DCD4A9 /* Services */,
				1E2C7A9B14427193D938BC44 /* XMWatch-iOS */,
				06D4B6D2F65BD862FF53052B /* XMWatch-watchOS */,
				D7E7B686582DDDD28C1B3BB6 /* XMWatchWidget */,
				AE03A43D484A11666461398A /* Products */,
			);
			sourceTree = "<group>";
		};
		998051F0AD758C2DEC936192 /* Features */ = {
			isa = PBXGroup;
			children = (
				3372D6160BB916AD20710233 /* ContentView.swift */,
				531FC33F8C4C7B8640D004C8 /* MainTabView.swift */,
				17E2C2170047001E87FBAC00 /* Auth */,
				14B7457032389F17B039E3FC /* Channels */,
				49A824E1B9D1E73380A7570A /* Favorites */,
				F4A2BE54780B05458728CAC6 /* Player */,
				D9660C3DC8DE38827721237F /* Settings */,
			);
			path = Features;
			sourceTree = "<group>";
		};
		9DDDA2FDECDD1BCD9F46DC63 /* Packages */ = {
			isa = PBXGroup;
			children = (
				8DE48114602521A9EC77DBE5 /* StarPlayrRadioKit */,
			);
			name = Packages;
			sourceTree = "<group>";
		};
		AE03A43D484A11666461398A /* Products */ = {
			isa = PBXGroup;
			children = (
				FD4AD3527EB1F9A815CA587F /* XMWatch-iOS.app */,
				07BD8E34928FA716F0580DCE /* XMWatch-watchOS.app */,
				D698DB21997881934D377E8C /* XMWatchWidgetExtension.appex */,
			);
			name = Products;
			sourceTree = "<group>";
		};
		AE989F10CABCE742CD4C359D /* Auth */ = {
			isa = PBXGroup;
			children = (
				BED04736030E2CAD801EFEC2 /* XMSignInView.swift */,
			);
			path = Auth;
			sourceTree = "<group>";
		};
		B4A5A7BA0D93B300840F5810 /* Player */ = {
			isa = PBXGroup;
			children = (
				0841CECD306BBD3D62A113F0 /* AVPlayerController.swift */,
				EA419ED4F33E5DFBB927E655 /* NowPlayingManager.swift */,
				6DF1CAD82D9D7694C52C7E3B /* PlayerCoordinating.swift */,
				82FEA032405FD192C3CF7C69 /* PlayerOptions.swift */,
				E47B96F495FE339AE995AFDB /* PlayerProperty.swift */,
				8E209FE1CE16C99896EDDEF5 /* PlayerTrack.swift */,
			);
			path = Player;
			sourceTree = "<group>";
		};
		C91E2BB83441CB7185CDD08C /* Intents */ = {
			isa = PBXGroup;
			children = (
				BB700136DBD3131A25FAB4E2 /* XMWatchAppIntents.swift */,
			);
			name = Intents;
			path = ../Shared/Intents;
			sourceTree = "<group>";
		};
		CA18EA1F0A3F157BCB8E47F6 /* Settings */ = {
			isa = PBXGroup;
			children = (
				4B42ECB72B27EB155F0F40B4 /* XMSettingsView.swift */,
			);
			path = Settings;
			sourceTree = "<group>";
		};
		D2F2729AF7DC11C2E7C39DE9 /* Channels */ = {
			isa = PBXGroup;
			children = (
				6BFCCDE12EB7D501279B48DC /* XMChannelsView.swift */,
			);
			path = Channels;
			sourceTree = "<group>";
		};
		D39EA6DE8627BFFF3EA97300 /* Player */ = {
			isa = PBXGroup;
			children = (
				B617EF3CB4DDD6ED899B99B6 /* PlayerCoordinating.swift */,
				D57D165F06870887641F82D6 /* PlayerOptions.swift */,
				EF2EBEB62BEB0B9077236B31 /* PlayerProperty.swift */,
				588E06CAEB341B714AB07B6B /* PlayerTrack.swift */,
				2CAC4DBF532898BB52AACB72 /* WatchAVPlayerController.swift */,
				9CE882A68ADE4E59F23561F4 /* WatchNowPlayingManager.swift */,
			);
			name = Player;
			path = "../XMWatch-watchOS/Player";
			sourceTree = "<group>";
		};
		D7E7B686582DDDD28C1B3BB6 /* XMWatchWidget */ = {
			isa = PBXGroup;
			children = (
				F5F3BD33EC2E4E20E8DFFA9F /* Assets.xcassets */,
				EED0C934105AAB382C3BD963 /* Info.plist */,
				BECEE1D96E730374B81518BA /* XMWatchWidget.entitlements */,
				C318CE3BE1905E41D0A1F2DE /* XMWatchWidget.swift */,
			);
			name = XMWatchWidget;
			path = "../XMWatch-watchOS/XMWatchWidget";
			sourceTree = "<group>";
		};
		D9660C3DC8DE38827721237F /* Settings */ = {
			isa = PBXGroup;
			children = (
				B4B5C460025B0B02A2D0CE1C /* SettingsView.swift */,
			);
			path = Settings;
			sourceTree = "<group>";
		};
		E6982EB0AF39CDAB3D165286 /* Models */ = {
			isa = PBXGroup;
			children = (
				CED07E8525AD8BA2E3E33C6D /* XMChannel.swift */,
			);
			name = Models;
			path = "../XMWatch-watchOS/Models";
			sourceTree = "<group>";
		};
		F4A2BE54780B05458728CAC6 /* Player */ = {
			isa = PBXGroup;
			children = (
				CE6F82409F5398B70BB452B3 /* PlayerView.swift */,
			);
			path = Player;
			sourceTree = "<group>";
		};
/* End PBXGroup section */

/* Begin PBXNativeTarget section */
		0BC34AC7B7E7857E99EAC716 /* XMWatchWidgetExtension */ = {
			isa = PBXNativeTarget;
			buildConfigurationList = B1DEA7CD783E0CBAFB6251F9 /* Build configuration list for PBXNativeTarget "XMWatchWidgetExtension" */;
			buildPhases = (
				8730FFD4245414E2635B9B1C /* Sources */,
				ECDCE65D77486E87A8B0F4E1 /* Resources */,
			);
			buildRules = (
			);
			dependencies = (
			);
			name = XMWatchWidgetExtension;
			packageProductDependencies = (
			);
			productName = XMWatchWidgetExtension;
			productReference = D698DB21997881934D377E8C /* XMWatchWidgetExtension.appex */;
			productType = "com.apple.product-type.app-extension";
		};
		ABC1D5995CA669762A9CDDB2 /* XMWatch-iOS */ = {
			isa = PBXNativeTarget;
			buildConfigurationList = B425C21E21DF1D767067795D /* Build configuration list for PBXNativeTarget "XMWatch-iOS" */;
			buildPhases = (
				AEEA623E475B725A88827AAD /* Sources */,
				011CB4E6640E3D8AD0F2FD4F /* Resources */,
				092304E219EA834BE587F864 /* Frameworks */,
				D2E86532CA2AF990E26EE8BC /* Embed Watch Content */,
			);
			buildRules = (
			);
			dependencies = (
				ADC9A939537B300AA1F9D768 /* PBXTargetDependency */,
			);
			name = "XMWatch-iOS";
			packageProductDependencies = (
				FCF41B1A3E9E2084C687F5E5 /* StarPlayrRadioKit */,
			);
			productName = "XMWatch-iOS";
			productReference = FD4AD3527EB1F9A815CA587F /* XMWatch-iOS.app */;
			productType = "com.apple.product-type.application";
		};
		FEA2B1E9F745E15B5BDB16D0 /* XMWatch-watchOS */ = {
			isa = PBXNativeTarget;
			buildConfigurationList = DCEA96B233D1DEB3800661FF /* Build configuration list for PBXNativeTarget "XMWatch-watchOS" */;
			buildPhases = (
				EBB5DC5DF38FA5D725E5F059 /* Sources */,
				46B8D853EA580108903E73DF /* Resources */,
				8CDA0AC3DE01E30E8F8CCB74 /* Frameworks */,
				D8094A58EC153926A19895D0 /* Embed Foundation Extensions */,
			);
			buildRules = (
			);
			dependencies = (
				E0B07F89AC23026FEE07E2A9 /* PBXTargetDependency */,
			);
			name = "XMWatch-watchOS";
			packageProductDependencies = (
				89410FD67E92CB93ADA4B94A /* StarPlayrRadioKit */,
			);
			productName = "XMWatch-watchOS";
			productReference = 07BD8E34928FA716F0580DCE /* XMWatch-watchOS.app */;
			productType = "com.apple.product-type.application";
		};
/* End PBXNativeTarget section */

/* Begin PBXProject section */
		E555A98F36B12168AB54F00C /* Project object */ = {
			isa = PBXProject;
			attributes = {
				BuildIndependentTargetsInParallel = YES;
				LastUpgradeCheck = 2700;
				TargetAttributes = {
					0BC34AC7B7E7857E99EAC716 = {
						DevelopmentTeam = ADVQS8RXPZ;
						ProvisioningStyle = Automatic;
					};
					ABC1D5995CA669762A9CDDB2 = {
						DevelopmentTeam = ADVQS8RXPZ;
						ProvisioningStyle = Automatic;
					};
					FEA2B1E9F745E15B5BDB16D0 = {
						DevelopmentTeam = ADVQS8RXPZ;
						ProvisioningStyle = Automatic;
					};
				};
			};
			buildConfigurationList = A84BD181DC18B833E2133718 /* Build configuration list for PBXProject "XMWatch-iOS" */;
			compatibilityVersion = "Xcode 14.0";
			developmentRegion = en;
			hasScannedForEncodings = 0;
			knownRegions = (
				Base,
				en,
			);
			mainGroup = 926E0BDD34616D41AFA14119;
			minimizedProjectReferenceProxies = 1;
			packageReferences = (
				320E7BF90E518C3BDE1883AC /* XCLocalSwiftPackageReference "../StarPlayrRadioKit" */,
			);
			preferredProjectObjectVersion = 77;
			projectDirPath = "";
			projectRoot = "";
			targets = (
				ABC1D5995CA669762A9CDDB2 /* XMWatch-iOS */,
				FEA2B1E9F745E15B5BDB16D0 /* XMWatch-watchOS */,
				0BC34AC7B7E7857E99EAC716 /* XMWatchWidgetExtension */,
			);
		};
/* End PBXProject section */

/* Begin PBXResourcesBuildPhase section */
		011CB4E6640E3D8AD0F2FD4F /* Resources */ = {
			isa = PBXResourcesBuildPhase;
			buildActionMask = 2147483647;
			files = (
				DEF48DE03940488C745DA7F6 /* Assets.xcassets in Resources */,
			);
			runOnlyForDeploymentPostprocessing = 0;
		};
		46B8D853EA580108903E73DF /* Resources */ = {
			isa = PBXResourcesBuildPhase;
			buildActionMask = 2147483647;
			files = (
				8726818B9A4E8EEA1094963F /* Assets.xcassets in Resources */,
			);
			runOnlyForDeploymentPostprocessing = 0;
		};
		ECDCE65D77486E87A8B0F4E1 /* Resources */ = {
			isa = PBXResourcesBuildPhase;
			buildActionMask = 2147483647;
			files = (
				55D40EC07387BB242B8B2B9F /* Assets.xcassets in Resources */,
			);
			runOnlyForDeploymentPostprocessing = 0;
		};
/* End PBXResourcesBuildPhase section */

/* Begin PBXSourcesBuildPhase section */
		8730FFD4245414E2635B9B1C /* Sources */ = {
			isa = PBXSourcesBuildPhase;
			buildActionMask = 2147483647;
			files = (
				73B495D9453BD754841D4FCF /* XMWatchWidget.swift in Sources */,
			);
			runOnlyForDeploymentPostprocessing = 0;
		};
		AEEA623E475B725A88827AAD /* Sources */ = {
			isa = PBXSourcesBuildPhase;
			buildActionMask = 2147483647;
			files = (
				1791C59534EF0094F12E96F0 /* AVPlayerController.swift in Sources */,
				D968CA71820A0E7AA6F0EFCD /* ChannelsView.swift in Sources */,
				9505E35CB199210FD1E113B8 /* ContentView.swift in Sources */,
				AD9C6E50854C417F9666F234 /* FavoritesView.swift in Sources */,
				0189A7E02097BFA2C6A1CB73 /* MainTabView.swift in Sources */,
				A96C79DC8253702B2F947A36 /* NowPlayingManager.swift in Sources */,
				B9397062C120AB2B788FF058 /* PlayerCoordinating.swift in Sources */,
				A79C7DD826CB72F70069661A /* PlayerOptions.swift in Sources */,
				3191F956649A85102DEB8812 /* PlayerProperty.swift in Sources */,
				3B69999FEB40343F98121CD5 /* PlayerTrack.swift in Sources */,
				1FCA421824C931733E9E6BDB /* PlayerView.swift in Sources */,
				DB6925EADB587EAD1103C3A7 /* SettingsView.swift in Sources */,
				761ECFE0CEECF085C30ACDA6 /* SignInView.swift in Sources */,
				05843D3C81B60F03FA22D650 /* XMChannel.swift in Sources */,
				B236262088F69AC254BD865F /* XMHLSProxyServer.swift in Sources */,
				E5CB9ABAAF58CF614CAD8032 /* XMRadioService.swift in Sources */,
				DE142BB36E2F9690F7DFB1A7 /* XMWatchApp.swift in Sources */,
				EBC751E90081CF91347AF46F /* XMWatchAppIntents.swift in Sources */,
			);
			runOnlyForDeploymentPostprocessing = 0;
		};
		EBB5DC5DF38FA5D725E5F059 /* Sources */ = {
			isa = PBXSourcesBuildPhase;
			buildActionMask = 2147483647;
			files = (
				97A3187A87FED8657CA5B88C /* PlayerCoordinating.swift in Sources */,
				A612D7DC3F90D632794C3BFB /* PlayerOptions.swift in Sources */,
				AD28B74F5B36A40137F45BCD /* PlayerProperty.swift in Sources */,
				8E211307B8BC6DA12722950A /* PlayerTrack.swift in Sources */,
				2F9AEA8034131344A43EC21C /* WatchAVPlayerController.swift in Sources */,
				8281E6BC9F31795D6FD310B4 /* WatchNowPlayingManager.swift in Sources */,
				159B9DCB2E061B0373093CF5 /* XMChannel.swift in Sources */,
				A23E7599F56004B93D2FD49D /* XMChannelsView.swift in Sources */,
				73B16661C0002440247B1C14 /* XMContentView.swift in Sources */,
				7026EDD53070A53FD0B15DD3 /* XMFavoritesView.swift in Sources */,
				FFDA6F538F31D4C395DF64E0 /* XMHLSProxyServer.swift in Sources */,
				CE59E2372DAFBDD4E51C82FC /* XMPlayerView.swift in Sources */,
				981F4560E4B6E38296208240 /* XMRadioService.swift in Sources */,
				BC3F5A1114B237110A9A86BC /* XMSettingsView.swift in Sources */,
				BFCCBD41EA079B236459186E /* XMSignInView.swift in Sources */,
				A784121654851647D1B188EF /* XMTabView.swift in Sources */,
				36521C8E4989F27A19AB48B4 /* XMWatchApp.swift in Sources */,
				4DB69B19193F544822120D2D /* XMWatchAppIntents.swift in Sources */,
			);
			runOnlyForDeploymentPostprocessing = 0;
		};
/* End PBXSourcesBuildPhase section */

/* Begin PBXTargetDependency section */
		ADC9A939537B300AA1F9D768 /* PBXTargetDependency */ = {
			isa = PBXTargetDependency;
			target = FEA2B1E9F745E15B5BDB16D0 /* XMWatch-watchOS */;
			targetProxy = EA831B0C323346EBB447567D /* PBXContainerItemProxy */;
		};
		E0B07F89AC23026FEE07E2A9 /* PBXTargetDependency */ = {
			isa = PBXTargetDependency;
			target = 0BC34AC7B7E7857E99EAC716 /* XMWatchWidgetExtension */;
			targetProxy = B22E1AEC9009B7F2EB8659EA /* PBXContainerItemProxy */;
		};
/* End PBXTargetDependency section */

/* Begin XCBuildConfiguration section */
		00613CEFA6C6A9E528A49794 /* Debug */ = {
			isa = XCBuildConfiguration;
			buildSettings = {
				ALWAYS_SEARCH_USER_PATHS = NO;
				CLANG_ANALYZER_NONNULL = YES;
				CLANG_ANALYZER_NUMBER_OBJECT_CONVERSION = YES_AGGRESSIVE;
				CLANG_CXX_LANGUAGE_STANDARD = "gnu++14";
				CLANG_CXX_LIBRARY = "libc++";
				CLANG_ENABLE_MODULES = YES;
				CLANG_ENABLE_OBJC_ARC = YES;
				CLANG_ENABLE_OBJC_WEAK = YES;
				CLANG_WARN_BLOCK_CAPTURE_AUTORELEASING = YES;
				CLANG_WARN_BOOL_CONVERSION = YES;
				CLANG_WARN_COMMA = YES;
				CLANG_WARN_CONSTANT_CONVERSION = YES;
				CLANG_WARN_DEPRECATED_OBJC_IMPLEMENTATIONS = YES;
				CLANG_WARN_DIRECT_OBJC_ISA_USAGE = YES_ERROR;
				CLANG_WARN_DOCUMENTATION_COMMENTS = YES;
				CLANG_WARN_EMPTY_BODY = YES;
				CLANG_WARN_ENUM_CONVERSION = YES;
				CLANG_WARN_INFINITE_RECURSION = YES;
				CLANG_WARN_INT_CONVERSION = YES;
				CLANG_WARN_NON_LITERAL_NULL_CONVERSION = YES;
				CLANG_WARN_OBJC_IMPLICIT_RETAIN_SELF = YES;
				CLANG_WARN_OBJC_LITERAL_CONVERSION = YES;
				CLANG_WARN_OBJC_ROOT_CLASS = YES_ERROR;
				CLANG_WARN_QUOTED_INCLUDE_IN_FRAMEWORK_HEADER = YES;
				CLANG_WARN_RANGE_LOOP_ANALYSIS = YES;
				CLANG_WARN_STRICT_PROTOTYPES = YES;
				CLANG_WARN_SUSPICIOUS_MOVE = YES;
				CLANG_WARN_UNGUARDED_AVAILABILITY = YES_AGGRESSIVE;
				CLANG_WARN_UNREACHABLE_CODE = YES;
				CLANG_WARN__DUPLICATE_METHOD_MATCH = YES;
				CODE_SIGN_STYLE = Automatic;
				COPY_PHASE_STRIP = NO;
				DEBUG_INFORMATION_FORMAT = dwarf;
				DEVELOPMENT_TEAM = ADVQS8RXPZ;
				ENABLE_STRICT_OBJC_MSGSEND = YES;
				ENABLE_TESTABILITY = YES;
				GCC_C_LANGUAGE_STANDARD = gnu11;
				GCC_DYNAMIC_NO_PIC = NO;
				GCC_NO_COMMON_BLOCKS = YES;
				GCC_OPTIMIZATION_LEVEL = 0;
				GCC_PREPROCESSOR_DEFINITIONS = (
					"$(inherited)",
					"DEBUG=1",
				);
				GCC_WARN_64_TO_32_BIT_CONVERSION = YES;
				GCC_WARN_ABOUT_RETURN_TYPE = YES_ERROR;
				GCC_WARN_UNDECLARED_SELECTOR = YES;
				GCC_WARN_UNINITIALIZED_AUTOS = YES_AGGRESSIVE;
				GCC_WARN_UNUSED_FUNCTION = YES;
				GCC_WARN_UNUSED_VARIABLE = YES;
				GENERATE_INFOPLIST_FILE = NO;
				IPHONEOS_DEPLOYMENT_TARGET = 27.0;
				MTL_ENABLE_DEBUG_INFO = INCLUDE_SOURCE;
				MTL_FAST_MATH = YES;
				ONLY_ACTIVE_ARCH = YES;
				PRODUCT_NAME = "$(TARGET_NAME)";
				SWIFT_ACTIVE_COMPILATION_CONDITIONS = DEBUG;
				SWIFT_OPTIMIZATION_LEVEL = "-Onone";
				SWIFT_VERSION = 5.9;
				TARGETED_DEVICE_FAMILY = "1,2";
				WATCHOS_DEPLOYMENT_TARGET = 27.0;
			};
			name = Debug;
		};
		104226E07C15C33E03DBAB3D /* Debug */ = {
			isa = XCBuildConfiguration;
			buildSettings = {
				CODE_SIGN_ENTITLEMENTS = "../XMWatch-watchOS/XMWatchWidget/XMWatchWidget.entitlements";
				CURRENT_PROJECT_VERSION = 7;
				GENERATE_INFOPLIST_FILE = NO;
				INFOPLIST_FILE = "../XMWatch-watchOS/XMWatchWidget/Info.plist";
				LD_RUNPATH_SEARCH_PATHS = "$(inherited) @executable_path/Frameworks @executable_path/../../Frameworks";
				MARKETING_VERSION = 1.0.0;
				PRODUCT_BUNDLE_IDENTIFIER = com.doctordurant.xmwatch.watchos.widget;
				PRODUCT_NAME = XMWatchWidgetExtension;
				SDKROOT = watchos;
				SKIP_INSTALL = YES;
				TARGETED_DEVICE_FAMILY = 4;
				WATCHOS_DEPLOYMENT_TARGET = 27.0;
			};
			name = Debug;
		};
		24CA9FF6D76A506F67F61846 /* Debug */ = {
			isa = XCBuildConfiguration;
			buildSettings = {
				ASSETCATALOG_COMPILER_APPICON_NAME = AppIcon;
				CODE_SIGN_ENTITLEMENTS = "XMWatch-iOS.entitlements";
				CODE_SIGN_IDENTITY = "iPhone Developer";
				CURRENT_PROJECT_VERSION = 7;
				INFOPLIST_FILE = Info.plist;
				INFOPLIST_KEY_ITSAppUsesNonExemptEncryption = NO;
				LD_RUNPATH_SEARCH_PATHS = (
					"$(inherited)",
					"@executable_path/Frameworks",
				);
				MARKETING_VERSION = 1.0.0;
				PRODUCT_BUNDLE_IDENTIFIER = com.doctordurant.xmwatch;
				PRODUCT_NAME = XMWatch;
				SDKROOT = iphoneos;
				SKIP_INSTALL = NO;
				SUPPORTS_MACCATALYST = NO;
				SUPPORTS_MAC_DESIGNED_FOR_IPHONE_IPAD = NO;
				TARGETED_DEVICE_FAMILY = "1,2";
			};
			name = Debug;
		};
		5727F50A88307EA4910D70D9 /* Release */ = {
			isa = XCBuildConfiguration;
			buildSettings = {
				CODE_SIGN_ENTITLEMENTS = "../XMWatch-watchOS/XMWatchWidget/XMWatchWidget.entitlements";
				CURRENT_PROJECT_VERSION = 7;
				DEBUG_INFORMATION_FORMAT = "dwarf-with-dsym";
				GENERATE_INFOPLIST_FILE = NO;
				INFOPLIST_FILE = "../XMWatch-watchOS/XMWatchWidget/Info.plist";
				LD_RUNPATH_SEARCH_PATHS = "$(inherited) @executable_path/Frameworks @executable_path/../../Frameworks";
				MARKETING_VERSION = 1.0.0;
				PRODUCT_BUNDLE_IDENTIFIER = com.doctordurant.xmwatch.watchos.widget;
				PRODUCT_NAME = XMWatchWidgetExtension;
				SDKROOT = watchos;
				SKIP_INSTALL = YES;
				SWIFT_COMPILATION_MODE = wholemodule;
				SWIFT_OPTIMIZATION_LEVEL = "-O";
				TARGETED_DEVICE_FAMILY = 4;
				WATCHOS_DEPLOYMENT_TARGET = 27.0;
			};
			name = Release;
		};
		A32BB7FDB11345D20EC236E9 /* Debug */ = {
			isa = XCBuildConfiguration;
			buildSettings = {
				ASSETCATALOG_COMPILER_APPICON_NAME = AppIcon;
				ASSETCATALOG_COMPILER_GLOBAL_ACCENT_COLOR_NAME = AccentColor;
				CODE_SIGN_ENTITLEMENTS = "../XMWatch-watchOS/XMWatch-watchOS.entitlements";
				CURRENT_PROJECT_VERSION = 7;
				GENERATE_INFOPLIST_FILE = NO;
				INFOPLIST_FILE = "../XMWatch-watchOS/Info.plist";
				MARKETING_VERSION = 1.0.0;
				PRODUCT_BUNDLE_IDENTIFIER = com.doctordurant.xmwatch.watchos;
				PRODUCT_NAME = "XMWatch-watchOS";
				SDKROOT = watchos;
				SKIP_INSTALL = YES;
				TARGETED_DEVICE_FAMILY = 4;
				WATCHOS_DEPLOYMENT_TARGET = 27.0;
			};
			name = Debug;
		};
		D2298CCDF6BFC3AB4961E3EF /* Release */ = {
			isa = XCBuildConfiguration;
			buildSettings = {
				ALWAYS_SEARCH_USER_PATHS = NO;
				CLANG_ANALYZER_NONNULL = YES;
				CLANG_ANALYZER_NUMBER_OBJECT_CONVERSION = YES_AGGRESSIVE;
				CLANG_CXX_LANGUAGE_STANDARD = "gnu++14";
				CLANG_CXX_LIBRARY = "libc++";
				CLANG_ENABLE_MODULES = YES;
				CLANG_ENABLE_OBJC_ARC = YES;
				CLANG_ENABLE_OBJC_WEAK = YES;
				CLANG_WARN_BLOCK_CAPTURE_AUTORELEASING = YES;
				CLANG_WARN_BOOL_CONVERSION = YES;
				CLANG_WARN_COMMA = YES;
				CLANG_WARN_CONSTANT_CONVERSION = YES;
				CLANG_WARN_DEPRECATED_OBJC_IMPLEMENTATIONS = YES;
				CLANG_WARN_DIRECT_OBJC_ISA_USAGE = YES_ERROR;
				CLANG_WARN_DOCUMENTATION_COMMENTS = YES;
				CLANG_WARN_EMPTY_BODY = YES;
				CLANG_WARN_ENUM_CONVERSION = YES;
				CLANG_WARN_INFINITE_RECURSION = YES;
				CLANG_WARN_INT_CONVERSION = YES;
				CLANG_WARN_NON_LITERAL_NULL_CONVERSION = YES;
				CLANG_WARN_OBJC_IMPLICIT_RETAIN_SELF = YES;
				CLANG_WARN_OBJC_LITERAL_CONVERSION = YES;
				CLANG_WARN_OBJC_ROOT_CLASS = YES_ERROR;
				CLANG_WARN_QUOTED_INCLUDE_IN_FRAMEWORK_HEADER = YES;
				CLANG_WARN_RANGE_LOOP_ANALYSIS = YES;
				CLANG_WARN_STRICT_PROTOTYPES = YES;
				CLANG_WARN_SUSPICIOUS_MOVE = YES;
				CLANG_WARN_UNGUARDED_AVAILABILITY = YES_AGGRESSIVE;
				CLANG_WARN_UNREACHABLE_CODE = YES;
				CLANG_WARN__DUPLICATE_METHOD_MATCH = YES;
				CODE_SIGN_STYLE = Automatic;
				COPY_PHASE_STRIP = NO;
				DEBUG_INFORMATION_FORMAT = "dwarf-with-dsym";
				DEVELOPMENT_TEAM = ADVQS8RXPZ;
				ENABLE_NS_ASSERTIONS = NO;
				ENABLE_STRICT_OBJC_MSGSEND = YES;
				GCC_C_LANGUAGE_STANDARD = gnu11;
				GCC_NO_COMMON_BLOCKS = YES;
				GCC_WARN_64_TO_32_BIT_CONVERSION = YES;
				GCC_WARN_ABOUT_RETURN_TYPE = YES_ERROR;
				GCC_WARN_UNDECLARED_SELECTOR = YES;
				GCC_WARN_UNINITIALIZED_AUTOS = YES_AGGRESSIVE;
				GCC_WARN_UNUSED_FUNCTION = YES;
				GCC_WARN_UNUSED_VARIABLE = YES;
				GENERATE_INFOPLIST_FILE = NO;
				IPHONEOS_DEPLOYMENT_TARGET = 27.0;
				MTL_ENABLE_DEBUG_INFO = NO;
				MTL_FAST_MATH = YES;
				PRODUCT_NAME = "$(TARGET_NAME)";
				SWIFT_COMPILATION_MODE = wholemodule;
				SWIFT_OPTIMIZATION_LEVEL = "-O";
				SWIFT_VERSION = 5.9;
				TARGETED_DEVICE_FAMILY = "1,2";
				WATCHOS_DEPLOYMENT_TARGET = 27.0;
			};
			name = Release;
		};
		FE1887BBA420F8C056BD3D1F /* Release */ = {
			isa = XCBuildConfiguration;
			buildSettings = {
				ASSETCATALOG_COMPILER_APPICON_NAME = AppIcon;
				ASSETCATALOG_COMPILER_GLOBAL_ACCENT_COLOR_NAME = AccentColor;
				CODE_SIGN_ENTITLEMENTS = "../XMWatch-watchOS/XMWatch-watchOS.entitlements";
				CURRENT_PROJECT_VERSION = 7;
				DEBUG_INFORMATION_FORMAT = "dwarf-with-dsym";
				GENERATE_INFOPLIST_FILE = NO;
				INFOPLIST_FILE = "../XMWatch-watchOS/Info.plist";
				MARKETING_VERSION = 1.0.0;
				PRODUCT_BUNDLE_IDENTIFIER = com.doctordurant.xmwatch.watchos;
				PRODUCT_NAME = "XMWatch-watchOS";
				SDKROOT = watchos;
				SKIP_INSTALL = YES;
				SWIFT_COMPILATION_MODE = wholemodule;
				SWIFT_OPTIMIZATION_LEVEL = "-O";
				TARGETED_DEVICE_FAMILY = 4;
				WATCHOS_DEPLOYMENT_TARGET = 27.0;
			};
			name = Release;
		};
		FF86D54352AA07E926E9C8E3 /* Release */ = {
			isa = XCBuildConfiguration;
			buildSettings = {
				ASSETCATALOG_COMPILER_APPICON_NAME = AppIcon;
				CODE_SIGN_ENTITLEMENTS = "XMWatch-iOS.entitlements";
				CODE_SIGN_IDENTITY = "iPhone Developer";
				CURRENT_PROJECT_VERSION = 7;
				DEBUG_INFORMATION_FORMAT = "dwarf-with-dsym";
				INFOPLIST_FILE = Info.plist;
				INFOPLIST_KEY_ITSAppUsesNonExemptEncryption = NO;
				LD_RUNPATH_SEARCH_PATHS = (
					"$(inherited)",
					"@executable_path/Frameworks",
				);
				MARKETING_VERSION = 1.0.0;
				PRODUCT_BUNDLE_IDENTIFIER = com.doctordurant.xmwatch;
				PRODUCT_NAME = XMWatch;
				SDKROOT = iphoneos;
				SKIP_INSTALL = NO;
				SUPPORTS_MACCATALYST = NO;
				SUPPORTS_MAC_DESIGNED_FOR_IPHONE_IPAD = NO;
				SWIFT_OPTIMIZATION_LEVEL = "-O";
				TARGETED_DEVICE_FAMILY = "1,2";
			};
			name = Release;
		};
/* End XCBuildConfiguration section */

/* Begin XCConfigurationList section */
		A84BD181DC18B833E2133718 /* Build configuration list for PBXProject "XMWatch-iOS" */ = {
			isa = XCConfigurationList;
			buildConfigurations = (
				00613CEFA6C6A9E528A49794 /* Debug */,
				D2298CCDF6BFC3AB4961E3EF /* Release */,
			);
			defaultConfigurationIsVisible = 0;
			defaultConfigurationName = Debug;
		};
		B1DEA7CD783E0CBAFB6251F9 /* Build configuration list for PBXNativeTarget "XMWatchWidgetExtension" */ = {
			isa = XCConfigurationList;
			buildConfigurations = (
				104226E07C15C33E03DBAB3D /* Debug */,
				5727F50A88307EA4910D70D9 /* Release */,
			);
			defaultConfigurationIsVisible = 0;
			defaultConfigurationName = Debug;
		};
		B425C21E21DF1D767067795D /* Build configuration list for PBXNativeTarget "XMWatch-iOS" */ = {
			isa = XCConfigurationList;
			buildConfigurations = (
				24CA9FF6D76A506F67F61846 /* Debug */,
				FF86D54352AA07E926E9C8E3 /* Release */,
			);
			defaultConfigurationIsVisible = 0;
			defaultConfigurationName = Debug;
		};
		DCEA96B233D1DEB3800661FF /* Build configuration list for PBXNativeTarget "XMWatch-watchOS" */ = {
			isa = XCConfigurationList;
			buildConfigurations = (
				A32BB7FDB11345D20EC236E9 /* Debug */,
				FE1887BBA420F8C056BD3D1F /* Release */,
			);
			defaultConfigurationIsVisible = 0;
			defaultConfigurationName = Debug;
		};
/* End XCConfigurationList section */

/* Begin XCLocalSwiftPackageReference section */
		320E7BF90E518C3BDE1883AC /* XCLocalSwiftPackageReference "../StarPlayrRadioKit" */ = {
			isa = XCLocalSwiftPackageReference;
			relativePath = ../StarPlayrRadioKit;
		};
/* End XCLocalSwiftPackageReference section */

/* Begin XCSwiftPackageProductDependency section */
		89410FD67E92CB93ADA4B94A /* StarPlayrRadioKit */ = {
			isa = XCSwiftPackageProductDependency;
			productName = StarPlayrRadioKit;
		};
		FCF41B1A3E9E2084C687F5E5 /* StarPlayrRadioKit */ = {
			isa = XCSwiftPackageProductDependency;
			productName = StarPlayrRadioKit;
		};
/* End XCSwiftPackageProductDependency section */
	};
	rootObject = E555A98F36B12168AB54F00C /* Project object */;
}
